
Microsoft Visual Studio Solution File, Format Version 12.00
# Visual Studio Version 16
VisualStudioVersion = 16.0.29519.181
MinimumVisualStudioVersion = 10.0.40219.1
Project("{2150E333-8FDC-42A3-9474-1A3956D46DE8}") = "API", "API", "{6C3E6C92-B59C-4304-8F3B-9EA6972EE68D}"
EndProject
Project("{2150E333-8FDC-42A3-9474-1A3956D46DE8}") = "App", "App", "{BB2CA8BD-1CF3-4C84-AD0E-B736B72FD458}"
EndProject
Project("{2150E333-8FDC-42A3-9474-1A3956D46DE8}") = "Framework", "Framework", "{B4803F37-521C-4A6A-ADD7-B837A0BE57EF}"
EndProject
Project("{2150E333-8FDC-42A3-9474-1A3956D46DE8}") = "Test", "Test", "{659F36F5-9395-486F-B840-E5609619403E}"
EndProject
Project("{FAE04EC0-301F-11D3-BF4B-00C04F79EFBC}") = "SIS.App", "SIS.App\SIS.App.csproj", "{AB858F39-03A5-4FE3-957D-935800220480}"
EndProject
Project("{FAE04EC0-301F-11D3-BF4B-00C04F79EFBC}") = "SIS.Test", "SIS.Test\SIS.Test.csproj", "{FBE5192A-B300-474F-BCE8-E99D21DD45D9}"
EndProject
Project("{2150E333-8FDC-42A3-9474-1A3956D46DE8}") = "Client", "Client", "{9C8D4230-4354-425C-8327-165A81D55C64}"
EndProject
Project("{FAE04EC0-301F-11D3-BF4B-00C04F79EFBC}") = "SIS.Client.GYM", "src\Client\SIS.Client.GYM\SIS.Client.GYM.csproj", "{FA9016D9-85D3-4885-9824-9DEBCB6CB0D6}"
EndProject
Project("{FAE04EC0-301F-11D3-BF4B-00C04F79EFBC}") = "SIS.Client.GMP", "src\Client\SIS.Client.GMP\SIS.Client.GMP.csproj", "{2BC1BF84-3663-408C-B83B-B68258A02835}"
EndProject
Project("{FAE04EC0-301F-11D3-BF4B-00C04F79EFBC}") = "SIS.Client.HTP", "src\Client\SIS.Client.HTP\SIS.Client.HTP.csproj", "{C9B118DF-05C1-4774-9BE5-0DDDC109A8D0}"
EndProject
Project("{FAE04EC0-301F-11D3-BF4B-00C04F79EFBC}") = "SIS.Client.RAC", "src\Client\SIS.Client.RAC\SIS.Client.RAC.csproj", "{A84AE933-C15C-4313-B5F1-3FDE1449D34A}"
EndProject
Project("{FAE04EC0-301F-11D3-BF4B-00C04F79EFBC}") = "SIS.Client.Admin", "src\Client\SIS.Client.Admin\SIS.Client.Admin.csproj", "{35C53A25-29EA-4DC2-A7C1-EE942390BFB1}"
EndProject
Project("{FAE04EC0-301F-11D3-BF4B-00C04F79EFBC}") = "SIS.Data", "src\Framework\SIS.Data\SIS.Data.csproj", "{7A677978-EE9B-4A8A-ACEC-3EC054B6A6E6}"
EndProject
Project("{FAE04EC0-301F-11D3-BF4B-00C04F79EFBC}") = "SIS.Entity", "src\Framework\SIS.Entity\SIS.Entity.csproj", "{258D2B00-E8E1-41CC-BBEE-BE12B8D07D71}"
EndProject
Project("{FAE04EC0-301F-11D3-BF4B-00C04F79EFBC}") = "SIS.Model", "src\Framework\SIS.Model\SIS.Model.csproj", "{1E047919-92C4-4E58-949A-921A443FE7F5}"
EndProject
Project("{2150E333-8FDC-42A3-9474-1A3956D46DE8}") = "Service", "Service", "{9AD8DAB8-B288-4E21-BB17-C632EDEB70F7}"
EndProject
Project("{FAE04EC0-301F-11D3-BF4B-00C04F79EFBC}") = "SIS.Service.Admin", "src\Service\SIS.Serivce.Admin\SIS.Service.Admin.csproj", "{8B311D82-2C3A-4C4E-A922-2C63506613DC}"
EndProject
Project("{FAE04EC0-301F-11D3-BF4B-00C04F79EFBC}") = "SIS.Service.GMP", "src\Service\SIS.Service.GMP\SIS.Service.GMP.csproj", "{1F47AECE-080C-48C9-8EC6-BE3A07D17FF6}"
EndProject
Project("{9A19103F-16F7-4668-BE54-9A1E7A4F7556}") = "SIS.Service", "src\Service\SIS.Service\SIS.Service.csproj", "{64C50C21-CA64-41E5-B1F2-0CFA7DF52F57}"
EndProject
Project("{FAE04EC0-301F-11D3-BF4B-00C04F79EFBC}") = "SIS.Client.blvalue", "src\Client\SIS.Client.blvalue\SIS.Client.blvalue.csproj", "{98C8B1A1-3827-4DC5-9C61-A7126F20EFA7}"
EndProject
Project("{FAE04EC0-301F-11D3-BF4B-00C04F79EFBC}") = "SIS.DataAccess.Admin", "src\Framework\SIS.DataAccess.Admin\SIS.DataAccess.Admin.csproj", "{B7E9B9F9-A34E-4D29-BD86-B3DEFC61C9B6}"
EndProject
Project("{FAE04EC0-301F-11D3-BF4B-00C04F79EFBC}") = "SIS.DataAccess.GMP", "src\Framework\SIS.DataAccess.GMP\SIS.DataAccess.GMP.csproj", "{A113F293-6CBB-4127-9629-33B3601D5075}"
EndProject
Project("{FAE04EC0-301F-11D3-BF4B-00C04F79EFBC}") = "SIS.Client.APT", "src\Client\SIS.Client.APT\SIS.Client.APT.csproj", "{B72E5BFF-577A-43CB-9253-D20FC12BE3A5}"
EndProject
Project("{FAE04EC0-301F-11D3-BF4B-00C04F79EFBC}") = "SIS.Service.APT", "src\Service\SIS.Service.APT\SIS.Service.APT.csproj", "{125AF37A-6503-4009-ACC3-FA23AD1E019A}"
EndProject
Project("{FAE04EC0-301F-11D3-BF4B-00C04F79EFBC}") = "SIS.Service.HTP", "src\Service\SIS.Service.HTP\SIS.Service.HTP.csproj", "{477389AE-40B2-4584-A1CF-116894BC0BC8}"
EndProject
Project("{FAE04EC0-301F-11D3-BF4B-00C04F79EFBC}") = "SIS.API.Admin", "src\API\SIS.API.Admin\SIS.API.Admin.csproj", "{1B5B6826-5024-4AF3-8B80-2A35210AAA69}"
EndProject
Global
	GlobalSection(SolutionConfigurationPlatforms) = preSolution
		Debug|Any CPU = Debug|Any CPU
		Release|Any CPU = Release|Any CPU
	EndGlobalSection
	GlobalSection(ProjectConfigurationPlatforms) = postSolution
		{AB858F39-03A5-4FE3-957D-935800220480}.Debug|Any CPU.ActiveCfg = Debug|Any CPU
		{AB858F39-03A5-4FE3-957D-935800220480}.Debug|Any CPU.Build.0 = Debug|Any CPU
		{AB858F39-03A5-4FE3-957D-935800220480}.Release|Any CPU.ActiveCfg = Release|Any CPU
		{AB858F39-03A5-4FE3-957D-935800220480}.Release|Any CPU.Build.0 = Release|Any CPU
		{FBE5192A-B300-474F-BCE8-E99D21DD45D9}.Debug|Any CPU.ActiveCfg = Debug|Any CPU
		{FBE5192A-B300-474F-BCE8-E99D21DD45D9}.Debug|Any CPU.Build.0 = Debug|Any CPU
		{FBE5192A-B300-474F-BCE8-E99D21DD45D9}.Release|Any CPU.ActiveCfg = Release|Any CPU
		{FBE5192A-B300-474F-BCE8-E99D21DD45D9}.Release|Any CPU.Build.0 = Release|Any CPU
		{FA9016D9-85D3-4885-9824-9DEBCB6CB0D6}.Debug|Any CPU.ActiveCfg = Debug|Any CPU
		{FA9016D9-85D3-4885-9824-9DEBCB6CB0D6}.Debug|Any CPU.Build.0 = Debug|Any CPU
		{FA9016D9-85D3-4885-9824-9DEBCB6CB0D6}.Release|Any CPU.ActiveCfg = Release|Any CPU
		{FA9016D9-85D3-4885-9824-9DEBCB6CB0D6}.Release|Any CPU.Build.0 = Release|Any CPU
		{2BC1BF84-3663-408C-B83B-B68258A02835}.Debug|Any CPU.ActiveCfg = Debug|Any CPU
		{2BC1BF84-3663-408C-B83B-B68258A02835}.Debug|Any CPU.Build.0 = Debug|Any CPU
		{2BC1BF84-3663-408C-B83B-B68258A02835}.Release|Any CPU.ActiveCfg = Release|Any CPU
		{2BC1BF84-3663-408C-B83B-B68258A02835}.Release|Any CPU.Build.0 = Release|Any CPU
		{C9B118DF-05C1-4774-9BE5-0DDDC109A8D0}.Debug|Any CPU.ActiveCfg = Debug|Any CPU
		{C9B118DF-05C1-4774-9BE5-0DDDC109A8D0}.Debug|Any CPU.Build.0 = Debug|Any CPU
		{C9B118DF-05C1-4774-9BE5-0DDDC109A8D0}.Release|Any CPU.ActiveCfg = Release|Any CPU
		{C9B118DF-05C1-4774-9BE5-0DDDC109A8D0}.Release|Any CPU.Build.0 = Release|Any CPU
		{A84AE933-C15C-4313-B5F1-3FDE1449D34A}.Debug|Any CPU.ActiveCfg = Debug|Any CPU
		{A84AE933-C15C-4313-B5F1-3FDE1449D34A}.Debug|Any CPU.Build.0 = Debug|Any CPU
		{A84AE933-C15C-4313-B5F1-3FDE1449D34A}.Release|Any CPU.ActiveCfg = Release|Any CPU
		{A84AE933-C15C-4313-B5F1-3FDE1449D34A}.Release|Any CPU.Build.0 = Release|Any CPU
		{35C53A25-29EA-4DC2-A7C1-EE942390BFB1}.Debug|Any CPU.ActiveCfg = Debug|Any CPU
		{35C53A25-29EA-4DC2-A7C1-EE942390BFB1}.Debug|Any CPU.Build.0 = Debug|Any CPU
		{35C53A25-29EA-4DC2-A7C1-EE942390BFB1}.Release|Any CPU.ActiveCfg = Release|Any CPU
		{35C53A25-29EA-4DC2-A7C1-EE942390BFB1}.Release|Any CPU.Build.0 = Release|Any CPU
		{7A677978-EE9B-4A8A-ACEC-3EC054B6A6E6}.Debug|Any CPU.ActiveCfg = Debug|Any CPU
		{7A677978-EE9B-4A8A-ACEC-3EC054B6A6E6}.Debug|Any CPU.Build.0 = Debug|Any CPU
		{7A677978-EE9B-4A8A-ACEC-3EC054B6A6E6}.Release|Any CPU.ActiveCfg = Release|Any CPU
		{7A677978-EE9B-4A8A-ACEC-3EC054B6A6E6}.Release|Any CPU.Build.0 = Release|Any CPU
		{258D2B00-E8E1-41CC-BBEE-BE12B8D07D71}.Debug|Any CPU.ActiveCfg = Debug|Any CPU
		{258D2B00-E8E1-41CC-BBEE-BE12B8D07D71}.Debug|Any CPU.Build.0 = Debug|Any CPU
		{258D2B00-E8E1-41CC-BBEE-BE12B8D07D71}.Release|Any CPU.ActiveCfg = Release|Any CPU
		{258D2B00-E8E1-41CC-BBEE-BE12B8D07D71}.Release|Any CPU.Build.0 = Release|Any CPU
		{1E047919-92C4-4E58-949A-921A443FE7F5}.Debug|Any CPU.ActiveCfg = Debug|Any CPU
		{1E047919-92C4-4E58-949A-921A443FE7F5}.Debug|Any CPU.Build.0 = Debug|Any CPU
		{1E047919-92C4-4E58-949A-921A443FE7F5}.Release|Any CPU.ActiveCfg = Release|Any CPU
		{1E047919-92C4-4E58-949A-921A443FE7F5}.Release|Any CPU.Build.0 = Release|Any CPU
		{8B311D82-2C3A-4C4E-A922-2C63506613DC}.Debug|Any CPU.ActiveCfg = Debug|Any CPU
		{8B311D82-2C3A-4C4E-A922-2C63506613DC}.Debug|Any CPU.Build.0 = Debug|Any CPU
		{8B311D82-2C3A-4C4E-A922-2C63506613DC}.Release|Any CPU.ActiveCfg = Release|Any CPU
		{8B311D82-2C3A-4C4E-A922-2C63506613DC}.Release|Any CPU.Build.0 = Release|Any CPU
		{1F47AECE-080C-48C9-8EC6-BE3A07D17FF6}.Debug|Any CPU.ActiveCfg = Debug|Any CPU
		{1F47AECE-080C-48C9-8EC6-BE3A07D17FF6}.Debug|Any CPU.Build.0 = Debug|Any CPU
		{1F47AECE-080C-48C9-8EC6-BE3A07D17FF6}.Release|Any CPU.ActiveCfg = Release|Any CPU
		{1F47AECE-080C-48C9-8EC6-BE3A07D17FF6}.Release|Any CPU.Build.0 = Release|Any CPU
		{64C50C21-CA64-41E5-B1F2-0CFA7DF52F57}.Debug|Any CPU.ActiveCfg = Debug|Any CPU
		{64C50C21-CA64-41E5-B1F2-0CFA7DF52F57}.Debug|Any CPU.Build.0 = Debug|Any CPU
		{64C50C21-CA64-41E5-B1F2-0CFA7DF52F57}.Release|Any CPU.ActiveCfg = Release|Any CPU
		{64C50C21-CA64-41E5-B1F2-0CFA7DF52F57}.Release|Any CPU.Build.0 = Release|Any CPU
		{98C8B1A1-3827-4DC5-9C61-A7126F20EFA7}.Debug|Any CPU.ActiveCfg = Debug|Any CPU
		{98C8B1A1-3827-4DC5-9C61-A7126F20EFA7}.Debug|Any CPU.Build.0 = Debug|Any CPU
		{98C8B1A1-3827-4DC5-9C61-A7126F20EFA7}.Release|Any CPU.ActiveCfg = Release|Any CPU
		{98C8B1A1-3827-4DC5-9C61-A7126F20EFA7}.Release|Any CPU.Build.0 = Release|Any CPU
		{B7E9B9F9-A34E-4D29-BD86-B3DEFC61C9B6}.Debug|Any CPU.ActiveCfg = Debug|Any CPU
		{B7E9B9F9-A34E-4D29-BD86-B3DEFC61C9B6}.Debug|Any CPU.Build.0 = Debug|Any CPU
		{B7E9B9F9-A34E-4D29-BD86-B3DEFC61C9B6}.Release|Any CPU.ActiveCfg = Release|Any CPU
		{B7E9B9F9-A34E-4D29-BD86-B3DEFC61C9B6}.Release|Any CPU.Build.0 = Release|Any CPU
		{A113F293-6CBB-4127-9629-33B3601D5075}.Debug|Any CPU.ActiveCfg = Debug|Any CPU
		{A113F293-6CBB-4127-9629-33B3601D5075}.Debug|Any CPU.Build.0 = Debug|Any CPU
		{A113F293-6CBB-4127-9629-33B3601D5075}.Release|Any CPU.ActiveCfg = Release|Any CPU
		{A113F293-6CBB-4127-9629-33B3601D5075}.Release|Any CPU.Build.0 = Release|Any CPU
		{B72E5BFF-577A-43CB-9253-D20FC12BE3A5}.Debug|Any CPU.ActiveCfg = Debug|Any CPU
		{B72E5BFF-577A-43CB-9253-D20FC12BE3A5}.Debug|Any CPU.Build.0 = Debug|Any CPU
		{B72E5BFF-577A-43CB-9253-D20FC12BE3A5}.Release|Any CPU.ActiveCfg = Release|Any CPU
		{B72E5BFF-577A-43CB-9253-D20FC12BE3A5}.Release|Any CPU.Build.0 = Release|Any CPU
		{125AF37A-6503-4009-ACC3-FA23AD1E019A}.Debug|Any CPU.ActiveCfg = Debug|Any CPU
		{125AF37A-6503-4009-ACC3-FA23AD1E019A}.Debug|Any CPU.Build.0 = Debug|Any CPU
		{125AF37A-6503-4009-ACC3-FA23AD1E019A}.Release|Any CPU.ActiveCfg = Release|Any CPU
		{125AF37A-6503-4009-ACC3-FA23AD1E019A}.Release|Any CPU.Build.0 = Release|Any CPU
		{477389AE-40B2-4584-A1CF-116894BC0BC8}.Debug|Any CPU.ActiveCfg = Debug|Any CPU
		{477389AE-40B2-4584-A1CF-116894BC0BC8}.Debug|Any CPU.Build.0 = Debug|Any CPU
		{477389AE-40B2-4584-A1CF-116894BC0BC8}.Release|Any CPU.ActiveCfg = Release|Any CPU
		{477389AE-40B2-4584-A1CF-116894BC0BC8}.Release|Any CPU.Build.0 = Release|Any CPU
		{1B5B6826-5024-4AF3-8B80-2A35210AAA69}.Debug|Any CPU.ActiveCfg = Debug|Any CPU
		{1B5B6826-5024-4AF3-8B80-2A35210AAA69}.Debug|Any CPU.Build.0 = Debug|Any CPU
		{1B5B6826-5024-4AF3-8B80-2A35210AAA69}.Release|Any CPU.ActiveCfg = Release|Any CPU
		{1B5B6826-5024-4AF3-8B80-2A35210AAA69}.Release|Any CPU.Build.0 = Release|Any CPU
	EndGlobalSection
	GlobalSection(SolutionProperties) = preSolution
		HideSolutionNode = FALSE
	EndGlobalSection
	GlobalSection(NestedProjects) = preSolution
		{AB858F39-03A5-4FE3-957D-935800220480} = {BB2CA8BD-1CF3-4C84-AD0E-B736B72FD458}
		{FBE5192A-B300-474F-BCE8-E99D21DD45D9} = {659F36F5-9395-486F-B840-E5609619403E}
		{FA9016D9-85D3-4885-9824-9DEBCB6CB0D6} = {9C8D4230-4354-425C-8327-165A81D55C64}
		{2BC1BF84-3663-408C-B83B-B68258A02835} = {9C8D4230-4354-425C-8327-165A81D55C64}
		{C9B118DF-05C1-4774-9BE5-0DDDC109A8D0} = {9C8D4230-4354-425C-8327-165A81D55C64}
		{A84AE933-C15C-4313-B5F1-3FDE1449D34A} = {9C8D4230-4354-425C-8327-165A81D55C64}
		{35C53A25-29EA-4DC2-A7C1-EE942390BFB1} = {9C8D4230-4354-425C-8327-165A81D55C64}
		{7A677978-EE9B-4A8A-ACEC-3EC054B6A6E6} = {B4803F37-521C-4A6A-ADD7-B837A0BE57EF}
		{258D2B00-E8E1-41CC-BBEE-BE12B8D07D71} = {B4803F37-521C-4A6A-ADD7-B837A0BE57EF}
		{1E047919-92C4-4E58-949A-921A443FE7F5} = {B4803F37-521C-4A6A-ADD7-B837A0BE57EF}
		{8B311D82-2C3A-4C4E-A922-2C63506613DC} = {9AD8DAB8-B288-4E21-BB17-C632EDEB70F7}
		{1F47AECE-080C-48C9-8EC6-BE3A07D17FF6} = {9AD8DAB8-B288-4E21-BB17-C632EDEB70F7}
		{64C50C21-CA64-41E5-B1F2-0CFA7DF52F57} = {9AD8DAB8-B288-4E21-BB17-C632EDEB70F7}
		{98C8B1A1-3827-4DC5-9C61-A7126F20EFA7} = {9C8D4230-4354-425C-8327-165A81D55C64}
		{B7E9B9F9-A34E-4D29-BD86-B3DEFC61C9B6} = {B4803F37-521C-4A6A-ADD7-B837A0BE57EF}
		{A113F293-6CBB-4127-9629-33B3601D5075} = {B4803F37-521C-4A6A-ADD7-B837A0BE57EF}
		{B72E5BFF-577A-43CB-9253-D20FC12BE3A5} = {9C8D4230-4354-425C-8327-165A81D55C64}
		{125AF37A-6503-4009-ACC3-FA23AD1E019A} = {9AD8DAB8-B288-4E21-BB17-C632EDEB70F7}
		{477389AE-40B2-4584-A1CF-116894BC0BC8} = {9AD8DAB8-B288-4E21-BB17-C632EDEB70F7}
		{1B5B6826-5024-4AF3-8B80-2A35210AAA69} = {6C3E6C92-B59C-4304-8F3B-9EA6972EE68D}
	EndGlobalSection
	GlobalSection(ExtensibilityGlobals) = postSolution
		SolutionGuid = {D53C3267-796A-49BB-8E4A-275B8E8B1BB3}
	EndGlobalSection
EndGlobal
